{
  "name": "cortex-router",
  "version": "1.0.0",
  "lockfileVersion": 1,
  "requires": true,
  "dependencies": {
    "cortex": {
      "version": "github:ndugger/cortex#8f363224c5da50f5e52818c8052de2051b04a688",
      "from": "github:ndugger/cortex"
    },
    "pathfinder": {
      "version": "github:ndugger/pathfinder#975ff96c8ef6a620d57c922b7b16b78d255b80e3",
      "from": "github:ndugger/pathfinder",
      "requires": {
        "typescript": "^3.8.3"
      }
    },
    "typescript": {
      "version": "3.9.5",
      "resolved": "https://registry.npmjs.org/typescript/-/typescript-3.9.5.tgz",
      "integrity": "sha512-hSAifV3k+i6lEoCJ2k6R2Z/rp/H3+8sdmcn5NrS3/3kE7+RyZXm9aqvxWqjEXHAd8b0pShatpcdMTvEdvAJltQ=="
    }
  }
}
